
Microsoft Visual Studio Solution File, Format Version 12.00
# Visual Studio 15
VisualStudioVersion = 15.0.28307.539
MinimumVisualStudioVersion = 10.0.40219.1
Project("{FAE04EC0-301F-11D3-BF4B-00C04F79EFBC}") = "api-sicge", "api-sicge\api-sicge.csproj", "{D0E3FCDC-E955-455B-82CB-29A5131B5AA5}"
EndProject
Global
	GlobalSection(SolutionConfigurationPlatforms) = preSolution
		Debug|Any CPU = Debug|Any CPU
		Release|Any CPU = Release|Any CPU
	EndGlobalSection
	GlobalSection(ProjectConfigurationPlatforms) = postSolution
		{D0E3FCDC-E955-455B-82CB-29A5131B5AA5}.Debug|Any CPU.ActiveCfg = Debug|Any CPU
		{D0E3FCDC-E955-455B-82CB-29A5131B5AA5}.Debug|Any CPU.Build.0 = Debug|Any CPU
		{D0E3FCDC-E955-455B-82CB-29A5131B5AA5}.Release|Any CPU.ActiveCfg = Release|Any CPU
		{D0E3FCDC-E955-455B-82CB-29A5131B5AA5}.Release|Any CPU.Build.0 = Release|Any CPU
	EndGlobalSection
	GlobalSection(SolutionProperties) = preSolution
		HideSolutionNode = FALSE
	EndGlobalSection
	GlobalSection(ExtensibilityGlobals) = postSolution
		SolutionGuid = {D841E19B-A0CB-4393-8DD9-F75CE2F28C74}
	EndGlobalSection
EndGlobal
